
Microsoft Visual Studio Solution File, Format Version 12.00
# Visual Studio 15
VisualStudioVersion = 15.0.28307.539
MinimumVisualStudioVersion = 10.0.40219.1
Project("{8BC9CEB8-8B4A-11D0-8D11-00A0C91BC942}") = "Advanced_Test", "Advanced_Test\Advanced_Test.vcxproj", "{87B15096-57AF-4B88-B7B0-8FB2FDD05AC2}"
EndProject
Project("{8BC9CEB8-8B4A-11D0-8D11-00A0C91BC942}") = "Zadanie 1", "Zadanie 1\Zadanie 1.vcxproj", "{9E9E08E8-A64B-4CF7-AC23-4C882D3F6A1B}"
EndProject
Project("{8BC9CEB8-8B4A-11D0-8D11-00A0C91BC942}") = "Zadanie 2", "Zadanie 2\Zadanie 2.vcxproj", "{3CFB6CD7-D482-416B-903A-FA859F8FE29B}"
EndProject
Project("{8BC9CEB8-8B4A-11D0-8D11-00A0C91BC942}") = "Zadanie 3", "Zadanie 3\Zadanie 3.vcxproj", "{1D59094A-18AA-4050-B9D4-5C3693059E29}"
EndProject
Project("{8BC9CEB8-8B4A-11D0-8D11-00A0C91BC942}") = "Zadanie 4", "Zadanie 4\Zadanie 4.vcxproj", "{A5BF95BB-93F4-4BBD-B537-A4F9B60A1F4D}"
EndProject
Project("{8BC9CEB8-8B4A-11D0-8D11-00A0C91BC942}") = "Zadanie 5", "Zadanie 5\Zadanie 5.vcxproj", "{6E71D7C2-9209-4D15-AA01-4383BBA2D0DE}"
EndProject
Project("{8BC9CEB8-8B4A-11D0-8D11-00A0C91BC942}") = "Zadanie 6", "Zadanie 6\Zadanie 6.vcxproj", "{B93B8F4C-7D02-4E0C-AA28-CD4ACCCFE481}"
EndProject
Project("{8BC9CEB8-8B4A-11D0-8D11-00A0C91BC942}") = "Zadanie 7", "Zadanie 7\Zadanie 7.vcxproj", "{681BA33E-B14B-42F3-A096-32335CA3A0CB}"
EndProject
Project("{8BC9CEB8-8B4A-11D0-8D11-00A0C91BC942}") = "Zadanie 8", "Zadanie 8\Zadanie 8.vcxproj", "{A28C89CC-91C9-432E-AA7C-EE3DFAF84990}"
EndProject
Project("{8BC9CEB8-8B4A-11D0-8D11-00A0C91BC942}") = "Zadanie 9", "Zadanie 9\Zadanie 9.vcxproj", "{489E0021-F36D-46C0-B29D-5E1831887315}"
EndProject
Project("{8BC9CEB8-8B4A-11D0-8D11-00A0C91BC942}") = "Zadanie_10", "Zadanie 10\Zadanie 10.vcxproj", "{E746A65F-DD2C-4B18-8CF9-AD2C204518EA}"
EndProject
Project("{8BC9CEB8-8B4A-11D0-8D11-00A0C91BC942}") = "Zadanie_11", "Zadanie_11\Zadanie_11.vcxproj", "{F4E5803B-385E-4FAC-BDF2-A4E6E154F1A5}"
EndProject
Project("{8BC9CEB8-8B4A-11D0-8D11-00A0C91BC942}") = "Zadanie_12", "Zadanie_12\Zadanie_12.vcxproj", "{C185007F-0EB7-45BA-8C9D-935F53678B40}"
EndProject
Project("{8BC9CEB8-8B4A-11D0-8D11-00A0C91BC942}") = "Zadanie_13", "Zadanie_13\Zadanie_13.vcxproj", "{38B83995-3506-4DC6-BD38-7543BFB5E92D}"
EndProject
Project("{8BC9CEB8-8B4A-11D0-8D11-00A0C91BC942}") = "Zadanie_14", "Zadanie_14\Zadanie_14.vcxproj", "{EB0577A4-DEC7-44ED-922F-ADDE21430C0D}"
EndProject
Project("{8BC9CEB8-8B4A-11D0-8D11-00A0C91BC942}") = "Zadanie_15", "Zadanie_15\Zadanie_15.vcxproj", "{3980F377-B358-4231-AC24-1B0A1E99ABC7}"
EndProject
Project("{8BC9CEB8-8B4A-11D0-8D11-00A0C91BC942}") = "Zadanie_16", "Zadanie_16\Zadanie_16.vcxproj", "{40259BA2-BFF4-4EC9-9ED6-BB5CC01B804A}"
EndProject
Project("{8BC9CEB8-8B4A-11D0-8D11-00A0C91BC942}") = "Zadanie_17", "Zadanie_17\Zadanie_17.vcxproj", "{5E9C8720-E529-46A9-A008-FD7C615C2F88}"
EndProject
Project("{8BC9CEB8-8B4A-11D0-8D11-00A0C91BC942}") = "Zadanie_18", "Zadanie_18\Zadanie_18.vcxproj", "{7DBBC834-ECDB-49B4-A097-67E4DCD7CE1F}"
EndProject
Project("{8BC9CEB8-8B4A-11D0-8D11-00A0C91BC942}") = "Zadanie_19", "Zadanie_19\Zadanie_19.vcxproj", "{7BFA432A-B345-4223-94A0-53E70545221E}"
EndProject
Project("{8BC9CEB8-8B4A-11D0-8D11-00A0C91BC942}") = "Zadanie_20", "Zadanie_20\Zadanie_20.vcxproj", "{FE66D5A1-0DBE-4AF1-B75B-F0A32D2F0174}"
EndProject
Project("{8BC9CEB8-8B4A-11D0-8D11-00A0C91BC942}") = "Zadanie_21", "Zadanie_21\Zadanie_21.vcxproj", "{062EB04C-D56B-4159-BBD4-525128A46602}"
EndProject
Project("{8BC9CEB8-8B4A-11D0-8D11-00A0C91BC942}") = "Zadanie_22", "Zadanie_22\Zadanie_22.vcxproj", "{2836CD90-BC7E-4333-87B0-C353E0F41F90}"
EndProject
Project("{8BC9CEB8-8B4A-11D0-8D11-00A0C91BC942}") = "Zadanie_23", "Zadanie_23\Zadanie_23.vcxproj", "{613ABA7E-9EBC-42F2-9316-34A9DC21F719}"
EndProject
Project("{8BC9CEB8-8B4A-11D0-8D11-00A0C91BC942}") = "Zadanie_24", "Zadanie_24\Zadanie_24.vcxproj", "{598F08CC-330E-4046-BD5C-2E7AB8331482}"
EndProject
Project("{8BC9CEB8-8B4A-11D0-8D11-00A0C91BC942}") = "Zadanie_25", "Zadanie_25\Zadanie_25.vcxproj", "{DC45B72A-ED0E-4A6D-9933-8FC3E440F5FC}"
EndProject
Project("{8BC9CEB8-8B4A-11D0-8D11-00A0C91BC942}") = "Zadanie_26", "Zadanie_26\Zadanie_26.vcxproj", "{AE7C3CDC-B705-4F67-81C9-B1BAD469E540}"
EndProject
Project("{8BC9CEB8-8B4A-11D0-8D11-00A0C91BC942}") = "Zadanie_27", "Zadanie_27\Zadanie_27.vcxproj", "{94369A67-7C1F-43E2-B9C1-CCB404A67950}"
EndProject
Project("{8BC9CEB8-8B4A-11D0-8D11-00A0C91BC942}") = "Zadanie_28", "Zadanie_28\Zadanie_28.vcxproj", "{89384D26-57F6-4308-8DB2-D039D3F77157}"
EndProject
Project("{8BC9CEB8-8B4A-11D0-8D11-00A0C91BC942}") = "Zadanie_29", "Zadanie_29\Zadanie_29.vcxproj", "{D84518C1-72EA-4D1D-8E3E-C83C46436525}"
EndProject
Project("{8BC9CEB8-8B4A-11D0-8D11-00A0C91BC942}") = "Zadanie_30", "Zadanie_30\Zadanie_30.vcxproj", "{CAA8DC7C-F6AF-4321-8C46-32A7678EE980}"
EndProject
Project("{8BC9CEB8-8B4A-11D0-8D11-00A0C91BC942}") = "Zadanie_31", "Zadanie_31\Zadanie_31.vcxproj", "{690E711B-8836-4103-A249-7B4721C3BD1B}"
EndProject
Project("{8BC9CEB8-8B4A-11D0-8D11-00A0C91BC942}") = "Zadanie_33", "Zadanie_33\Zadanie_33.vcxproj", "{F9257A07-A190-4FFC-B91E-162BF6B18ACE}"
EndProject
Project("{8BC9CEB8-8B4A-11D0-8D11-00A0C91BC942}") = "Zadanie_32", "Zadanie_32\Zadanie_32.vcxproj", "{27872C68-49D6-4A6E-9AA8-A8E73FCCC1D2}"
EndProject
Project("{8BC9CEB8-8B4A-11D0-8D11-00A0C91BC942}") = "Zadanie_34", "Zadanie_34\Zadanie_34.vcxproj", "{037DFC35-B7D7-439F-97C8-32919CB7E781}"
EndProject
Project("{8BC9CEB8-8B4A-11D0-8D11-00A0C91BC942}") = "Zadanie_35", "Zadanie_35\Zadanie_35.vcxproj", "{49AE6CFC-185D-4347-8B1A-BDA0AD04C31A}"
EndProject
Project("{8BC9CEB8-8B4A-11D0-8D11-00A0C91BC942}") = "Zadanie_36", "Zadanie_36\Zadanie_36.vcxproj", "{A65AB422-3459-4FDE-9956-EBFD9DC402E8}"
EndProject
Project("{8BC9CEB8-8B4A-11D0-8D11-00A0C91BC942}") = "Zadanie_37", "Zadanie_37\Zadanie_37.vcxproj", "{16E350A6-C740-40FE-B814-E6D98508D78F}"
EndProject
Project("{8BC9CEB8-8B4A-11D0-8D11-00A0C91BC942}") = "Zadanie_38", "Zadanie_38\Zadanie_38.vcxproj", "{9B17AEEF-138F-489B-9F0A-9D6C3A3A204F}"
EndProject
Project("{8BC9CEB8-8B4A-11D0-8D11-00A0C91BC942}") = "Zadanie_39", "Zadanie_39\Zadanie_39.vcxproj", "{6D330ED2-FC60-4C92-BB62-486555DC1816}"
EndProject
Project("{8BC9CEB8-8B4A-11D0-8D11-00A0C91BC942}") = "Zadanie_40", "Zadanie_40\Zadanie_40.vcxproj", "{AA0F987A-5C86-445A-92B6-FC506A3DBB89}"
EndProject
Global
	GlobalSection(SolutionConfigurationPlatforms) = preSolution
		Debug|x64 = Debug|x64
		Debug|x86 = Debug|x86
		Release|x64 = Release|x64
		Release|x86 = Release|x86
	EndGlobalSection
	GlobalSection(ProjectConfigurationPlatforms) = postSolution
		{87B15096-57AF-4B88-B7B0-8FB2FDD05AC2}.Debug|x64.ActiveCfg = Debug|x64
		{87B15096-57AF-4B88-B7B0-8FB2FDD05AC2}.Debug|x64.Build.0 = Debug|x64
		{87B15096-57AF-4B88-B7B0-8FB2FDD05AC2}.Debug|x86.ActiveCfg = Debug|Win32
		{87B15096-57AF-4B88-B7B0-8FB2FDD05AC2}.Debug|x86.Build.0 = Debug|Win32
		{87B15096-57AF-4B88-B7B0-8FB2FDD05AC2}.Release|x64.ActiveCfg = Release|x64
		{87B15096-57AF-4B88-B7B0-8FB2FDD05AC2}.Release|x64.Build.0 = Release|x64
		{87B15096-57AF-4B88-B7B0-8FB2FDD05AC2}.Release|x86.ActiveCfg = Release|Win32
		{87B15096-57AF-4B88-B7B0-8FB2FDD05AC2}.Release|x86.Build.0 = Release|Win32
		{9E9E08E8-A64B-4CF7-AC23-4C882D3F6A1B}.Debug|x64.ActiveCfg = Debug|x64
		{9E9E08E8-A64B-4CF7-AC23-4C882D3F6A1B}.Debug|x64.Build.0 = Debug|x64
		{9E9E08E8-A64B-4CF7-AC23-4C882D3F6A1B}.Debug|x86.ActiveCfg = Debug|Win32
		{9E9E08E8-A64B-4CF7-AC23-4C882D3F6A1B}.Debug|x86.Build.0 = Debug|Win32
		{9E9E08E8-A64B-4CF7-AC23-4C882D3F6A1B}.Release|x64.ActiveCfg = Release|x64
		{9E9E08E8-A64B-4CF7-AC23-4C882D3F6A1B}.Release|x64.Build.0 = Release|x64
		{9E9E08E8-A64B-4CF7-AC23-4C882D3F6A1B}.Release|x86.ActiveCfg = Release|Win32
		{9E9E08E8-A64B-4CF7-AC23-4C882D3F6A1B}.Release|x86.Build.0 = Release|Win32
		{3CFB6CD7-D482-416B-903A-FA859F8FE29B}.Debug|x64.ActiveCfg = Debug|x64
		{3CFB6CD7-D482-416B-903A-FA859F8FE29B}.Debug|x64.Build.0 = Debug|x64
		{3CFB6CD7-D482-416B-903A-FA859F8FE29B}.Debug|x86.ActiveCfg = Debug|Win32
		{3CFB6CD7-D482-416B-903A-FA859F8FE29B}.Debug|x86.Build.0 = Debug|Win32
		{3CFB6CD7-D482-416B-903A-FA859F8FE29B}.Release|x64.ActiveCfg = Release|x64
		{3CFB6CD7-D482-416B-903A-FA859F8FE29B}.Release|x64.Build.0 = Release|x64
		{3CFB6CD7-D482-416B-903A-FA859F8FE29B}.Release|x86.ActiveCfg = Release|Win32
		{3CFB6CD7-D482-416B-903A-FA859F8FE29B}.Release|x86.Build.0 = Release|Win32
		{1D59094A-18AA-4050-B9D4-5C3693059E29}.Debug|x64.ActiveCfg = Debug|x64
		{1D59094A-18AA-4050-B9D4-5C3693059E29}.Debug|x64.Build.0 = Debug|x64
		{1D59094A-18AA-4050-B9D4-5C3693059E29}.Debug|x86.ActiveCfg = Debug|Win32
		{1D59094A-18AA-4050-B9D4-5C3693059E29}.Debug|x86.Build.0 = Debug|Win32
		{1D59094A-18AA-4050-B9D4-5C3693059E29}.Release|x64.ActiveCfg = Release|x64
		{1D59094A-18AA-4050-B9D4-5C3693059E29}.Release|x64.Build.0 = Release|x64
		{1D59094A-18AA-4050-B9D4-5C3693059E29}.Release|x86.ActiveCfg = Release|Win32
		{1D59094A-18AA-4050-B9D4-5C3693059E29}.Release|x86.Build.0 = Release|Win32
		{A5BF95BB-93F4-4BBD-B537-A4F9B60A1F4D}.Debug|x64.ActiveCfg = Debug|x64
		{A5BF95BB-93F4-4BBD-B537-A4F9B60A1F4D}.Debug|x64.Build.0 = Debug|x64
		{A5BF95BB-93F4-4BBD-B537-A4F9B60A1F4D}.Debug|x86.ActiveCfg = Debug|Win32
		{A5BF95BB-93F4-4BBD-B537-A4F9B60A1F4D}.Debug|x86.Build.0 = Debug|Win32
		{A5BF95BB-93F4-4BBD-B537-A4F9B60A1F4D}.Release|x64.ActiveCfg = Release|x64
		{A5BF95BB-93F4-4BBD-B537-A4F9B60A1F4D}.Release|x64.Build.0 = Release|x64
		{A5BF95BB-93F4-4BBD-B537-A4F9B60A1F4D}.Release|x86.ActiveCfg = Release|Win32
		{A5BF95BB-93F4-4BBD-B537-A4F9B60A1F4D}.Release|x86.Build.0 = Release|Win32
		{6E71D7C2-9209-4D15-AA01-4383BBA2D0DE}.Debug|x64.ActiveCfg = Debug|x64
		{6E71D7C2-9209-4D15-AA01-4383BBA2D0DE}.Debug|x64.Build.0 = Debug|x64
		{6E71D7C2-9209-4D15-AA01-4383BBA2D0DE}.Debug|x86.ActiveCfg = Debug|Win32
		{6E71D7C2-9209-4D15-AA01-4383BBA2D0DE}.Debug|x86.Build.0 = Debug|Win32
		{6E71D7C2-9209-4D15-AA01-4383BBA2D0DE}.Release|x64.ActiveCfg = Release|x64
		{6E71D7C2-9209-4D15-AA01-4383BBA2D0DE}.Release|x64.Build.0 = Release|x64
		{6E71D7C2-9209-4D15-AA01-4383BBA2D0DE}.Release|x86.ActiveCfg = Release|Win32
		{6E71D7C2-9209-4D15-AA01-4383BBA2D0DE}.Release|x86.Build.0 = Release|Win32
		{B93B8F4C-7D02-4E0C-AA28-CD4ACCCFE481}.Debug|x64.ActiveCfg = Debug|x64
		{B93B8F4C-7D02-4E0C-AA28-CD4ACCCFE481}.Debug|x64.Build.0 = Debug|x64
		{B93B8F4C-7D02-4E0C-AA28-CD4ACCCFE481}.Debug|x86.ActiveCfg = Debug|Win32
		{B93B8F4C-7D02-4E0C-AA28-CD4ACCCFE481}.Debug|x86.Build.0 = Debug|Win32
		{B93B8F4C-7D02-4E0C-AA28-CD4ACCCFE481}.Release|x64.ActiveCfg = Release|x64
		{B93B8F4C-7D02-4E0C-AA28-CD4ACCCFE481}.Release|x64.Build.0 = Release|x64
		{B93B8F4C-7D02-4E0C-AA28-CD4ACCCFE481}.Release|x86.ActiveCfg = Release|Win32
		{B93B8F4C-7D02-4E0C-AA28-CD4ACCCFE481}.Release|x86.Build.0 = Release|Win32
		{681BA33E-B14B-42F3-A096-32335CA3A0CB}.Debug|x64.ActiveCfg = Debug|x64
		{681BA33E-B14B-42F3-A096-32335CA3A0CB}.Debug|x64.Build.0 = Debug|x64
		{681BA33E-B14B-42F3-A096-32335CA3A0CB}.Debug|x86.ActiveCfg = Debug|Win32
		{681BA33E-B14B-42F3-A096-32335CA3A0CB}.Debug|x86.Build.0 = Debug|Win32
		{681BA33E-B14B-42F3-A096-32335CA3A0CB}.Release|x64.ActiveCfg = Release|x64
		{681BA33E-B14B-42F3-A096-32335CA3A0CB}.Release|x64.Build.0 = Release|x64
		{681BA33E-B14B-42F3-A096-32335CA3A0CB}.Release|x86.ActiveCfg = Release|Win32
		{681BA33E-B14B-42F3-A096-32335CA3A0CB}.Release|x86.Build.0 = Release|Win32
		{A28C89CC-91C9-432E-AA7C-EE3DFAF84990}.Debug|x64.ActiveCfg = Debug|x64
		{A28C89CC-91C9-432E-AA7C-EE3DFAF84990}.Debug|x64.Build.0 = Debug|x64
		{A28C89CC-91C9-432E-AA7C-EE3DFAF84990}.Debug|x86.ActiveCfg = Debug|Win32
		{A28C89CC-91C9-432E-AA7C-EE3DFAF84990}.Debug|x86.Build.0 = Debug|Win32
		{A28C89CC-91C9-432E-AA7C-EE3DFAF84990}.Release|x64.ActiveCfg = Release|x64
		{A28C89CC-91C9-432E-AA7C-EE3DFAF84990}.Release|x64.Build.0 = Release|x64
		{A28C89CC-91C9-432E-AA7C-EE3DFAF84990}.Release|x86.ActiveCfg = Release|Win32
		{A28C89CC-91C9-432E-AA7C-EE3DFAF84990}.Release|x86.Build.0 = Release|Win32
		{489E0021-F36D-46C0-B29D-5E1831887315}.Debug|x64.ActiveCfg = Debug|x64
		{489E0021-F36D-46C0-B29D-5E1831887315}.Debug|x64.Build.0 = Debug|x64
		{489E0021-F36D-46C0-B29D-5E1831887315}.Debug|x86.ActiveCfg = Debug|Win32
		{489E0021-F36D-46C0-B29D-5E1831887315}.Debug|x86.Build.0 = Debug|Win32
		{489E0021-F36D-46C0-B29D-5E1831887315}.Release|x64.ActiveCfg = Release|x64
		{489E0021-F36D-46C0-B29D-5E1831887315}.Release|x64.Build.0 = Release|x64
		{489E0021-F36D-46C0-B29D-5E1831887315}.Release|x86.ActiveCfg = Release|Win32
		{489E0021-F36D-46C0-B29D-5E1831887315}.Release|x86.Build.0 = Release|Win32
		{E746A65F-DD2C-4B18-8CF9-AD2C204518EA}.Debug|x64.ActiveCfg = Debug|x64
		{E746A65F-DD2C-4B18-8CF9-AD2C204518EA}.Debug|x64.Build.0 = Debug|x64
		{E746A65F-DD2C-4B18-8CF9-AD2C204518EA}.Debug|x86.ActiveCfg = Debug|Win32
		{E746A65F-DD2C-4B18-8CF9-AD2C204518EA}.Debug|x86.Build.0 = Debug|Win32
		{E746A65F-DD2C-4B18-8CF9-AD2C204518EA}.Release|x64.ActiveCfg = Release|x64
		{E746A65F-DD2C-4B18-8CF9-AD2C204518EA}.Release|x64.Build.0 = Release|x64
		{E746A65F-DD2C-4B18-8CF9-AD2C204518EA}.Release|x86.ActiveCfg = Release|Win32
		{E746A65F-DD2C-4B18-8CF9-AD2C204518EA}.Release|x86.Build.0 = Release|Win32
		{F4E5803B-385E-4FAC-BDF2-A4E6E154F1A5}.Debug|x64.ActiveCfg = Debug|x64
		{F4E5803B-385E-4FAC-BDF2-A4E6E154F1A5}.Debug|x64.Build.0 = Debug|x64
		{F4E5803B-385E-4FAC-BDF2-A4E6E154F1A5}.Debug|x86.ActiveCfg = Debug|Win32
		{F4E5803B-385E-4FAC-BDF2-A4E6E154F1A5}.Debug|x86.Build.0 = Debug|Win32
		{F4E5803B-385E-4FAC-BDF2-A4E6E154F1A5}.Release|x64.ActiveCfg = Release|x64
		{F4E5803B-385E-4FAC-BDF2-A4E6E154F1A5}.Release|x64.Build.0 = Release|x64
		{F4E5803B-385E-4FAC-BDF2-A4E6E154F1A5}.Release|x86.ActiveCfg = Release|Win32
		{F4E5803B-385E-4FAC-BDF2-A4E6E154F1A5}.Release|x86.Build.0 = Release|Win32
		{C185007F-0EB7-45BA-8C9D-935F53678B40}.Debug|x64.ActiveCfg = Debug|x64
		{C185007F-0EB7-45BA-8C9D-935F53678B40}.Debug|x64.Build.0 = Debug|x64
		{C185007F-0EB7-45BA-8C9D-935F53678B40}.Debug|x86.ActiveCfg = Debug|Win32
		{C185007F-0EB7-45BA-8C9D-935F53678B40}.Debug|x86.Build.0 = Debug|Win32
		{C185007F-0EB7-45BA-8C9D-935F53678B40}.Release|x64.ActiveCfg = Release|x64
		{C185007F-0EB7-45BA-8C9D-935F53678B40}.Release|x64.Build.0 = Release|x64
		{C185007F-0EB7-45BA-8C9D-935F53678B40}.Release|x86.ActiveCfg = Release|Win32
		{C185007F-0EB7-45BA-8C9D-935F53678B40}.Release|x86.Build.0 = Release|Win32
		{38B83995-3506-4DC6-BD38-7543BFB5E92D}.Debug|x64.ActiveCfg = Debug|x64
		{38B83995-3506-4DC6-BD38-7543BFB5E92D}.Debug|x64.Build.0 = Debug|x64
		{38B83995-3506-4DC6-BD38-7543BFB5E92D}.Debug|x86.ActiveCfg = Debug|Win32
		{38B83995-3506-4DC6-BD38-7543BFB5E92D}.Debug|x86.Build.0 = Debug|Win32
		{38B83995-3506-4DC6-BD38-7543BFB5E92D}.Release|x64.ActiveCfg = Release|x64
		{38B83995-3506-4DC6-BD38-7543BFB5E92D}.Release|x64.Build.0 = Release|x64
		{38B83995-3506-4DC6-BD38-7543BFB5E92D}.Release|x86.ActiveCfg = Release|Win32
		{38B83995-3506-4DC6-BD38-7543BFB5E92D}.Release|x86.Build.0 = Release|Win32
		{EB0577A4-DEC7-44ED-922F-ADDE21430C0D}.Debug|x64.ActiveCfg = Debug|x64
		{EB0577A4-DEC7-44ED-922F-ADDE21430C0D}.Debug|x64.Build.0 = Debug|x64
		{EB0577A4-DEC7-44ED-922F-ADDE21430C0D}.Debug|x86.ActiveCfg = Debug|Win32
		{EB0577A4-DEC7-44ED-922F-ADDE21430C0D}.Debug|x86.Build.0 = Debug|Win32
		{EB0577A4-DEC7-44ED-922F-ADDE21430C0D}.Release|x64.ActiveCfg = Release|x64
		{EB0577A4-DEC7-44ED-922F-ADDE21430C0D}.Release|x64.Build.0 = Release|x64
		{EB0577A4-DEC7-44ED-922F-ADDE21430C0D}.Release|x86.ActiveCfg = Release|Win32
		{EB0577A4-DEC7-44ED-922F-ADDE21430C0D}.Release|x86.Build.0 = Release|Win32
		{3980F377-B358-4231-AC24-1B0A1E99ABC7}.Debug|x64.ActiveCfg = Debug|x64
		{3980F377-B358-4231-AC24-1B0A1E99ABC7}.Debug|x64.Build.0 = Debug|x64
		{3980F377-B358-4231-AC24-1B0A1E99ABC7}.Debug|x86.ActiveCfg = Debug|Win32
		{3980F377-B358-4231-AC24-1B0A1E99ABC7}.Debug|x86.Build.0 = Debug|Win32
		{3980F377-B358-4231-AC24-1B0A1E99ABC7}.Release|x64.ActiveCfg = Release|x64
		{3980F377-B358-4231-AC24-1B0A1E99ABC7}.Release|x64.Build.0 = Release|x64
		{3980F377-B358-4231-AC24-1B0A1E99ABC7}.Release|x86.ActiveCfg = Release|Win32
		{3980F377-B358-4231-AC24-1B0A1E99ABC7}.Release|x86.Build.0 = Release|Win32
		{40259BA2-BFF4-4EC9-9ED6-BB5CC01B804A}.Debug|x64.ActiveCfg = Debug|x64
		{40259BA2-BFF4-4EC9-9ED6-BB5CC01B804A}.Debug|x64.Build.0 = Debug|x64
		{40259BA2-BFF4-4EC9-9ED6-BB5CC01B804A}.Debug|x86.ActiveCfg = Debug|Win32
		{40259BA2-BFF4-4EC9-9ED6-BB5CC01B804A}.Debug|x86.Build.0 = Debug|Win32
		{40259BA2-BFF4-4EC9-9ED6-BB5CC01B804A}.Release|x64.ActiveCfg = Release|x64
		{40259BA2-BFF4-4EC9-9ED6-BB5CC01B804A}.Release|x64.Build.0 = Release|x64
		{40259BA2-BFF4-4EC9-9ED6-BB5CC01B804A}.Release|x86.ActiveCfg = Release|Win32
		{40259BA2-BFF4-4EC9-9ED6-BB5CC01B804A}.Release|x86.Build.0 = Release|Win32
		{5E9C8720-E529-46A9-A008-FD7C615C2F88}.Debug|x64.ActiveCfg = Debug|x64
		{5E9C8720-E529-46A9-A008-FD7C615C2F88}.Debug|x64.Build.0 = Debug|x64
		{5E9C8720-E529-46A9-A008-FD7C615C2F88}.Debug|x86.ActiveCfg = Debug|Win32
		{5E9C8720-E529-46A9-A008-FD7C615C2F88}.Debug|x86.Build.0 = Debug|Win32
		{5E9C8720-E529-46A9-A008-FD7C615C2F88}.Release|x64.ActiveCfg = Release|x64
		{5E9C8720-E529-46A9-A008-FD7C615C2F88}.Release|x64.Build.0 = Release|x64
		{5E9C8720-E529-46A9-A008-FD7C615C2F88}.Release|x86.ActiveCfg = Release|Win32
		{5E9C8720-E529-46A9-A008-FD7C615C2F88}.Release|x86.Build.0 = Release|Win32
		{7DBBC834-ECDB-49B4-A097-67E4DCD7CE1F}.Debug|x64.ActiveCfg = Debug|x64
		{7DBBC834-ECDB-49B4-A097-67E4DCD7CE1F}.Debug|x64.Build.0 = Debug|x64
		{7DBBC834-ECDB-49B4-A097-67E4DCD7CE1F}.Debug|x86.ActiveCfg = Debug|Win32
		{7DBBC834-ECDB-49B4-A097-67E4DCD7CE1F}.Debug|x86.Build.0 = Debug|Win32
		{7DBBC834-ECDB-49B4-A097-67E4DCD7CE1F}.Release|x64.ActiveCfg = Release|x64
		{7DBBC834-ECDB-49B4-A097-67E4DCD7CE1F}.Release|x64.Build.0 = Release|x64
		{7DBBC834-ECDB-49B4-A097-67E4DCD7CE1F}.Release|x86.ActiveCfg = Release|Win32
		{7DBBC834-ECDB-49B4-A097-67E4DCD7CE1F}.Release|x86.Build.0 = Release|Win32
		{7BFA432A-B345-4223-94A0-53E70545221E}.Debug|x64.ActiveCfg = Debug|x64
		{7BFA432A-B345-4223-94A0-53E70545221E}.Debug|x64.Build.0 = Debug|x64
		{7BFA432A-B345-4223-94A0-53E70545221E}.Debug|x86.ActiveCfg = Debug|Win32
		{7BFA432A-B345-4223-94A0-53E70545221E}.Debug|x86.Build.0 = Debug|Win32
		{7BFA432A-B345-4223-94A0-53E70545221E}.Release|x64.ActiveCfg = Release|x64
		{7BFA432A-B345-4223-94A0-53E70545221E}.Release|x64.Build.0 = Release|x64
		{7BFA432A-B345-4223-94A0-53E70545221E}.Release|x86.ActiveCfg = Release|Win32
		{7BFA432A-B345-4223-94A0-53E70545221E}.Release|x86.Build.0 = Release|Win32
		{FE66D5A1-0DBE-4AF1-B75B-F0A32D2F0174}.Debug|x64.ActiveCfg = Debug|x64
		{FE66D5A1-0DBE-4AF1-B75B-F0A32D2F0174}.Debug|x64.Build.0 = Debug|x64
		{FE66D5A1-0DBE-4AF1-B75B-F0A32D2F0174}.Debug|x86.ActiveCfg = Debug|Win32
		{FE66D5A1-0DBE-4AF1-B75B-F0A32D2F0174}.Debug|x86.Build.0 = Debug|Win32
		{FE66D5A1-0DBE-4AF1-B75B-F0A32D2F0174}.Release|x64.ActiveCfg = Release|x64
		{FE66D5A1-0DBE-4AF1-B75B-F0A32D2F0174}.Release|x64.Build.0 = Release|x64
		{FE66D5A1-0DBE-4AF1-B75B-F0A32D2F0174}.Release|x86.ActiveCfg = Release|Win32
		{FE66D5A1-0DBE-4AF1-B75B-F0A32D2F0174}.Release|x86.Build.0 = Release|Win32
		{062EB04C-D56B-4159-BBD4-525128A46602}.Debug|x64.ActiveCfg = Debug|x64
		{062EB04C-D56B-4159-BBD4-525128A46602}.Debug|x64.Build.0 = Debug|x64
		{062EB04C-D56B-4159-BBD4-525128A46602}.Debug|x86.ActiveCfg = Debug|Win32
		{062EB04C-D56B-4159-BBD4-525128A46602}.Debug|x86.Build.0 = Debug|Win32
		{062EB04C-D56B-4159-BBD4-525128A46602}.Release|x64.ActiveCfg = Release|x64
		{062EB04C-D56B-4159-BBD4-525128A46602}.Release|x64.Build.0 = Release|x64
		{062EB04C-D56B-4159-BBD4-525128A46602}.Release|x86.ActiveCfg = Release|Win32
		{062EB04C-D56B-4159-BBD4-525128A46602}.Release|x86.Build.0 = Release|Win32
		{2836CD90-BC7E-4333-87B0-C353E0F41F90}.Debug|x64.ActiveCfg = Debug|x64
		{2836CD90-BC7E-4333-87B0-C353E0F41F90}.Debug|x64.Build.0 = Debug|x64
		{2836CD90-BC7E-4333-87B0-C353E0F41F90}.Debug|x86.ActiveCfg = Debug|Win32
		{2836CD90-BC7E-4333-87B0-C353E0F41F90}.Debug|x86.Build.0 = Debug|Win32
		{2836CD90-BC7E-4333-87B0-C353E0F41F90}.Release|x64.ActiveCfg = Release|x64
		{2836CD90-BC7E-4333-87B0-C353E0F41F90}.Release|x64.Build.0 = Release|x64
		{2836CD90-BC7E-4333-87B0-C353E0F41F90}.Release|x86.ActiveCfg = Release|Win32
		{2836CD90-BC7E-4333-87B0-C353E0F41F90}.Release|x86.Build.0 = Release|Win32
		{613ABA7E-9EBC-42F2-9316-34A9DC21F719}.Debug|x64.ActiveCfg = Debug|x64
		{613ABA7E-9EBC-42F2-9316-34A9DC21F719}.Debug|x64.Build.0 = Debug|x64
		{613ABA7E-9EBC-42F2-9316-34A9DC21F719}.Debug|x86.ActiveCfg = Debug|Win32
		{613ABA7E-9EBC-42F2-9316-34A9DC21F719}.Debug|x86.Build.0 = Debug|Win32
		{613ABA7E-9EBC-42F2-9316-34A9DC21F719}.Release|x64.ActiveCfg = Release|x64
		{613ABA7E-9EBC-42F2-9316-34A9DC21F719}.Release|x64.Build.0 = Release|x64
		{613ABA7E-9EBC-42F2-9316-34A9DC21F719}.Release|x86.ActiveCfg = Release|Win32
		{613ABA7E-9EBC-42F2-9316-34A9DC21F719}.Release|x86.Build.0 = Release|Win32
		{598F08CC-330E-4046-BD5C-2E7AB8331482}.Debug|x64.ActiveCfg = Debug|x64
		{598F08CC-330E-4046-BD5C-2E7AB8331482}.Debug|x64.Build.0 = Debug|x64
		{598F08CC-330E-4046-BD5C-2E7AB8331482}.Debug|x86.ActiveCfg = Debug|Win32
		{598F08CC-330E-4046-BD5C-2E7AB8331482}.Debug|x86.Build.0 = Debug|Win32
		{598F08CC-330E-4046-BD5C-2E7AB8331482}.Release|x64.ActiveCfg = Release|x64
		{598F08CC-330E-4046-BD5C-2E7AB8331482}.Release|x64.Build.0 = Release|x64
		{598F08CC-330E-4046-BD5C-2E7AB8331482}.Release|x86.ActiveCfg = Release|Win32
		{598F08CC-330E-4046-BD5C-2E7AB8331482}.Release|x86.Build.0 = Release|Win32
		{DC45B72A-ED0E-4A6D-9933-8FC3E440F5FC}.Debug|x64.ActiveCfg = Debug|x64
		{DC45B72A-ED0E-4A6D-9933-8FC3E440F5FC}.Debug|x64.Build.0 = Debug|x64
		{DC45B72A-ED0E-4A6D-9933-8FC3E440F5FC}.Debug|x86.ActiveCfg = Debug|Win32
		{DC45B72A-ED0E-4A6D-9933-8FC3E440F5FC}.Debug|x86.Build.0 = Debug|Win32
		{DC45B72A-ED0E-4A6D-9933-8FC3E440F5FC}.Release|x64.ActiveCfg = Release|x64
		{DC45B72A-ED0E-4A6D-9933-8FC3E440F5FC}.Release|x64.Build.0 = Release|x64
		{DC45B72A-ED0E-4A6D-9933-8FC3E440F5FC}.Release|x86.ActiveCfg = Release|Win32
		{DC45B72A-ED0E-4A6D-9933-8FC3E440F5FC}.Release|x86.Build.0 = Release|Win32
		{AE7C3CDC-B705-4F67-81C9-B1BAD469E540}.Debug|x64.ActiveCfg = Debug|x64
		{AE7C3CDC-B705-4F67-81C9-B1BAD469E540}.Debug|x64.Build.0 = Debug|x64
		{AE7C3CDC-B705-4F67-81C9-B1BAD469E540}.Debug|x86.ActiveCfg = Debug|Win32
		{AE7C3CDC-B705-4F67-81C9-B1BAD469E540}.Debug|x86.Build.0 = Debug|Win32
		{AE7C3CDC-B705-4F67-81C9-B1BAD469E540}.Release|x64.ActiveCfg = Release|x64
		{AE7C3CDC-B705-4F67-81C9-B1BAD469E540}.Release|x64.Build.0 = Release|x64
		{AE7C3CDC-B705-4F67-81C9-B1BAD469E540}.Release|x86.ActiveCfg = Release|Win32
		{AE7C3CDC-B705-4F67-81C9-B1BAD469E540}.Release|x86.Build.0 = Release|Win32
		{94369A67-7C1F-43E2-B9C1-CCB404A67950}.Debug|x64.ActiveCfg = Debug|x64
		{94369A67-7C1F-43E2-B9C1-CCB404A67950}.Debug|x64.Build.0 = Debug|x64
		{94369A67-7C1F-43E2-B9C1-CCB404A67950}.Debug|x86.ActiveCfg = Debug|Win32
		{94369A67-7C1F-43E2-B9C1-CCB404A67950}.Debug|x86.Build.0 = Debug|Win32
		{94369A67-7C1F-43E2-B9C1-CCB404A67950}.Release|x64.ActiveCfg = Release|x64
		{94369A67-7C1F-43E2-B9C1-CCB404A67950}.Release|x64.Build.0 = Release|x64
		{94369A67-7C1F-43E2-B9C1-CCB404A67950}.Release|x86.ActiveCfg = Release|Win32
		{94369A67-7C1F-43E2-B9C1-CCB404A67950}.Release|x86.Build.0 = Release|Win32
		{89384D26-57F6-4308-8DB2-D039D3F77157}.Debug|x64.ActiveCfg = Debug|x64
		{89384D26-57F6-4308-8DB2-D039D3F77157}.Debug|x64.Build.0 = Debug|x64
		{89384D26-57F6-4308-8DB2-D039D3F77157}.Debug|x86.ActiveCfg = Debug|Win32
		{89384D26-57F6-4308-8DB2-D039D3F77157}.Debug|x86.Build.0 = Debug|Win32
		{89384D26-57F6-4308-8DB2-D039D3F77157}.Release|x64.ActiveCfg = Release|x64
		{89384D26-57F6-4308-8DB2-D039D3F77157}.Release|x64.Build.0 = Release|x64
		{89384D26-57F6-4308-8DB2-D039D3F77157}.Release|x86.ActiveCfg = Release|Win32
		{89384D26-57F6-4308-8DB2-D039D3F77157}.Release|x86.Build.0 = Release|Win32
		{D84518C1-72EA-4D1D-8E3E-C83C46436525}.Debug|x64.ActiveCfg = Debug|x64
		{D84518C1-72EA-4D1D-8E3E-C83C46436525}.Debug|x64.Build.0 = Debug|x64
		{D84518C1-72EA-4D1D-8E3E-C83C46436525}.Debug|x86.ActiveCfg = Debug|Win32
		{D84518C1-72EA-4D1D-8E3E-C83C46436525}.Debug|x86.Build.0 = Debug|Win32
		{D84518C1-72EA-4D1D-8E3E-C83C46436525}.Release|x64.ActiveCfg = Release|x64
		{D84518C1-72EA-4D1D-8E3E-C83C46436525}.Release|x64.Build.0 = Release|x64
		{D84518C1-72EA-4D1D-8E3E-C83C46436525}.Release|x86.ActiveCfg = Release|Win32
		{D84518C1-72EA-4D1D-8E3E-C83C46436525}.Release|x86.Build.0 = Release|Win32
		{CAA8DC7C-F6AF-4321-8C46-32A7678EE980}.Debug|x64.ActiveCfg = Debug|x64
		{CAA8DC7C-F6AF-4321-8C46-32A7678EE980}.Debug|x64.Build.0 = Debug|x64
		{CAA8DC7C-F6AF-4321-8C46-32A7678EE980}.Debug|x86.ActiveCfg = Debug|Win32
		{CAA8DC7C-F6AF-4321-8C46-32A7678EE980}.Debug|x86.Build.0 = Debug|Win32
		{CAA8DC7C-F6AF-4321-8C46-32A7678EE980}.Release|x64.ActiveCfg = Release|x64
		{CAA8DC7C-F6AF-4321-8C46-32A7678EE980}.Release|x64.Build.0 = Release|x64
		{CAA8DC7C-F6AF-4321-8C46-32A7678EE980}.Release|x86.ActiveCfg = Release|Win32
		{CAA8DC7C-F6AF-4321-8C46-32A7678EE980}.Release|x86.Build.0 = Release|Win32
		{690E711B-8836-4103-A249-7B4721C3BD1B}.Debug|x64.ActiveCfg = Debug|x64
		{690E711B-8836-4103-A249-7B4721C3BD1B}.Debug|x64.Build.0 = Debug|x64
		{690E711B-8836-4103-A249-7B4721C3BD1B}.Debug|x86.ActiveCfg = Debug|Win32
		{690E711B-8836-4103-A249-7B4721C3BD1B}.Debug|x86.Build.0 = Debug|Win32
		{690E711B-8836-4103-A249-7B4721C3BD1B}.Release|x64.ActiveCfg = Release|x64
		{690E711B-8836-4103-A249-7B4721C3BD1B}.Release|x64.Build.0 = Release|x64
		{690E711B-8836-4103-A249-7B4721C3BD1B}.Release|x86.ActiveCfg = Release|Win32
		{690E711B-8836-4103-A249-7B4721C3BD1B}.Release|x86.Build.0 = Release|Win32
		{F9257A07-A190-4FFC-B91E-162BF6B18ACE}.Debug|x64.ActiveCfg = Debug|x64
		{F9257A07-A190-4FFC-B91E-162BF6B18ACE}.Debug|x64.Build.0 = Debug|x64
		{F9257A07-A190-4FFC-B91E-162BF6B18ACE}.Debug|x86.ActiveCfg = Debug|Win32
		{F9257A07-A190-4FFC-B91E-162BF6B18ACE}.Debug|x86.Build.0 = Debug|Win32
		{F9257A07-A190-4FFC-B91E-162BF6B18ACE}.Release|x64.ActiveCfg = Release|x64
		{F9257A07-A190-4FFC-B91E-162BF6B18ACE}.Release|x64.Build.0 = Release|x64
		{F9257A07-A190-4FFC-B91E-162BF6B18ACE}.Release|x86.ActiveCfg = Release|Win32
		{F9257A07-A190-4FFC-B91E-162BF6B18ACE}.Release|x86.Build.0 = Release|Win32
		{27872C68-49D6-4A6E-9AA8-A8E73FCCC1D2}.Debug|x64.ActiveCfg = Debug|x64
		{27872C68-49D6-4A6E-9AA8-A8E73FCCC1D2}.Debug|x64.Build.0 = Debug|x64
		{27872C68-49D6-4A6E-9AA8-A8E73FCCC1D2}.Debug|x86.ActiveCfg = Debug|Win32
		{27872C68-49D6-4A6E-9AA8-A8E73FCCC1D2}.Debug|x86.Build.0 = Debug|Win32
		{27872C68-49D6-4A6E-9AA8-A8E73FCCC1D2}.Release|x64.ActiveCfg = Release|x64
		{27872C68-49D6-4A6E-9AA8-A8E73FCCC1D2}.Release|x64.Build.0 = Release|x64
		{27872C68-49D6-4A6E-9AA8-A8E73FCCC1D2}.Release|x86.ActiveCfg = Release|Win32
		{27872C68-49D6-4A6E-9AA8-A8E73FCCC1D2}.Release|x86.Build.0 = Release|Win32
		{037DFC35-B7D7-439F-97C8-32919CB7E781}.Debug|x64.ActiveCfg = Debug|x64
		{037DFC35-B7D7-439F-97C8-32919CB7E781}.Debug|x64.Build.0 = Debug|x64
		{037DFC35-B7D7-439F-97C8-32919CB7E781}.Debug|x86.ActiveCfg = Debug|Win32
		{037DFC35-B7D7-439F-97C8-32919CB7E781}.Debug|x86.Build.0 = Debug|Win32
		{037DFC35-B7D7-439F-97C8-32919CB7E781}.Release|x64.ActiveCfg = Release|x64
		{037DFC35-B7D7-439F-97C8-32919CB7E781}.Release|x64.Build.0 = Release|x64
		{037DFC35-B7D7-439F-97C8-32919CB7E781}.Release|x86.ActiveCfg = Release|Win32
		{037DFC35-B7D7-439F-97C8-32919CB7E781}.Release|x86.Build.0 = Release|Win32
		{49AE6CFC-185D-4347-8B1A-BDA0AD04C31A}.Debug|x64.ActiveCfg = Debug|x64
		{49AE6CFC-185D-4347-8B1A-BDA0AD04C31A}.Debug|x64.Build.0 = Debug|x64
		{49AE6CFC-185D-4347-8B1A-BDA0AD04C31A}.Debug|x86.ActiveCfg = Debug|Win32
		{49AE6CFC-185D-4347-8B1A-BDA0AD04C31A}.Debug|x86.Build.0 = Debug|Win32
		{49AE6CFC-185D-4347-8B1A-BDA0AD04C31A}.Release|x64.ActiveCfg = Release|x64
		{49AE6CFC-185D-4347-8B1A-BDA0AD04C31A}.Release|x64.Build.0 = Release|x64
		{49AE6CFC-185D-4347-8B1A-BDA0AD04C31A}.Release|x86.ActiveCfg = Release|Win32
		{49AE6CFC-185D-4347-8B1A-BDA0AD04C31A}.Release|x86.Build.0 = Release|Win32
		{A65AB422-3459-4FDE-9956-EBFD9DC402E8}.Debug|x64.ActiveCfg = Debug|x64
		{A65AB422-3459-4FDE-9956-EBFD9DC402E8}.Debug|x64.Build.0 = Debug|x64
		{A65AB422-3459-4FDE-9956-EBFD9DC402E8}.Debug|x86.ActiveCfg = Debug|Win32
		{A65AB422-3459-4FDE-9956-EBFD9DC402E8}.Debug|x86.Build.0 = Debug|Win32
		{A65AB422-3459-4FDE-9956-EBFD9DC402E8}.Release|x64.ActiveCfg = Release|x64
		{A65AB422-3459-4FDE-9956-EBFD9DC402E8}.Release|x64.Build.0 = Release|x64
		{A65AB422-3459-4FDE-9956-EBFD9DC402E8}.Release|x86.ActiveCfg = Release|Win32
		{A65AB422-3459-4FDE-9956-EBFD9DC402E8}.Release|x86.Build.0 = Release|Win32
		{16E350A6-C740-40FE-B814-E6D98508D78F}.Debug|x64.ActiveCfg = Debug|x64
		{16E350A6-C740-40FE-B814-E6D98508D78F}.Debug|x64.Build.0 = Debug|x64
		{16E350A6-C740-40FE-B814-E6D98508D78F}.Debug|x86.ActiveCfg = Debug|Win32
		{16E350A6-C740-40FE-B814-E6D98508D78F}.Debug|x86.Build.0 = Debug|Win32
		{16E350A6-C740-40FE-B814-E6D98508D78F}.Release|x64.ActiveCfg = Release|x64
		{16E350A6-C740-40FE-B814-E6D98508D78F}.Release|x64.Build.0 = Release|x64
		{16E350A6-C740-40FE-B814-E6D98508D78F}.Release|x86.ActiveCfg = Release|Win32
		{16E350A6-C740-40FE-B814-E6D98508D78F}.Release|x86.Build.0 = Release|Win32
		{9B17AEEF-138F-489B-9F0A-9D6C3A3A204F}.Debug|x64.ActiveCfg = Debug|x64
		{9B17AEEF-138F-489B-9F0A-9D6C3A3A204F}.Debug|x64.Build.0 = Debug|x64
		{9B17AEEF-138F-489B-9F0A-9D6C3A3A204F}.Debug|x86.ActiveCfg = Debug|Win32
		{9B17AEEF-138F-489B-9F0A-9D6C3A3A204F}.Debug|x86.Build.0 = Debug|Win32
		{9B17AEEF-138F-489B-9F0A-9D6C3A3A204F}.Release|x64.ActiveCfg = Release|x64
		{9B17AEEF-138F-489B-9F0A-9D6C3A3A204F}.Release|x64.Build.0 = Release|x64
		{9B17AEEF-138F-489B-9F0A-9D6C3A3A204F}.Release|x86.ActiveCfg = Release|Win32
		{9B17AEEF-138F-489B-9F0A-9D6C3A3A204F}.Release|x86.Build.0 = Release|Win32
		{6D330ED2-FC60-4C92-BB62-486555DC1816}.Debug|x64.ActiveCfg = Debug|x64
		{6D330ED2-FC60-4C92-BB62-486555DC1816}.Debug|x64.Build.0 = Debug|x64
		{6D330ED2-FC60-4C92-BB62-486555DC1816}.Debug|x86.ActiveCfg = Debug|Win32
		{6D330ED2-FC60-4C92-BB62-486555DC1816}.Debug|x86.Build.0 = Debug|Win32
		{6D330ED2-FC60-4C92-BB62-486555DC1816}.Release|x64.ActiveCfg = Release|x64
		{6D330ED2-FC60-4C92-BB62-486555DC1816}.Release|x64.Build.0 = Release|x64
		{6D330ED2-FC60-4C92-BB62-486555DC1816}.Release|x86.ActiveCfg = Release|Win32
		{6D330ED2-FC60-4C92-BB62-486555DC1816}.Release|x86.Build.0 = Release|Win32
		{AA0F987A-5C86-445A-92B6-FC506A3DBB89}.Debug|x64.ActiveCfg = Debug|x64
		{AA0F987A-5C86-445A-92B6-FC506A3DBB89}.Debug|x64.Build.0 = Debug|x64
		{AA0F987A-5C86-445A-92B6-FC506A3DBB89}.Debug|x86.ActiveCfg = Debug|Win32
		{AA0F987A-5C86-445A-92B6-FC506A3DBB89}.Debug|x86.Build.0 = Debug|Win32
		{AA0F987A-5C86-445A-92B6-FC506A3DBB89}.Release|x64.ActiveCfg = Release|x64
		{AA0F987A-5C86-445A-92B6-FC506A3DBB89}.Release|x64.Build.0 = Release|x64
		{AA0F987A-5C86-445A-92B6-FC506A3DBB89}.Release|x86.ActiveCfg = Release|Win32
		{AA0F987A-5C86-445A-92B6-FC506A3DBB89}.Release|x86.Build.0 = Release|Win32
	EndGlobalSection
	GlobalSection(SolutionProperties) = preSolution
		HideSolutionNode = FALSE
	EndGlobalSection
	GlobalSection(ExtensibilityGlobals) = postSolution
		SolutionGuid = {95E99855-F84C-4E6B-878B-802776E21C24}
	EndGlobalSection
EndGlobal
